<?xml version="1.0" encoding="utf-8"?>
<Project ToolsVersion="4.0" xmlns="http://schemas.microsoft.com/developer/msbuild/2003">
  <ItemGroup>
    <Filter Include="Source Files">
      <UniqueIdentifier>{4FC737F1-C7A5-4376-A066-2A32D752A2FF}</UniqueIdentifier>
      <Extensions>cpp;c;cc;cxx;c++;cppm;ixx;def;odl;idl;hpj;bat;asm;asmx</Extensions>
    </Filter>
    <Filter Include="Header Files">
      <UniqueIdentifier>{93995380-89BD-4b04-88EB-625FBE52EBFB}</UniqueIdentifier>
      <Extensions>h;hh;hpp;hxx;h++;hm;inl;inc;ipp;xsd</Extensions>
    </Filter>
    <Filter Include="Resource Files">
      <UniqueIdentifier>{67DA6AB6-F800-4c08-8B7A-83BB121AAD01}</UniqueIdentifier>
      <Extensions>rc;ico;cur;bmp;dlg;rc2;rct;bin;rgs;gif;jpg;jpeg;jpe;resx;tiff;tif;png;wav;mfcribbon-ms</Extensions>
    </Filter>
  </ItemGroup>
  <ItemGroup>
    <ClCompile Include="src\Application.cpp">
      <Filter>Source Files</Filter>
    </ClCompile>
    <ClCompile Include="src\SeamCarving.cpp">
      <Filter>Source Files</Filter>
    </ClCompile>
  </ItemGroup>
  <ItemGroup>
    <Library Include="Dependencies\OpenCV\lib\opencv_world455.lib" />
    <Library Include="Dependencies\OpenCV\lib\opencv_world455d.lib" />
  </ItemGroup>
  <ItemGroup>
    <None Include="Dependencies\OpenCV\lib\OpenCVConfig.cmake" />
    <None Include="Dependencies\OpenCV\lib\OpenCVConfig-version.cmake" />
    <None Include="Dependencies\OpenCV\lib\OpenCVModules.cmake" />
    <None Include="Dependencies\OpenCV\lib\OpenCVModules-debug.cmake" />
    <None Include="Dependencies\OpenCV\lib\OpenCVModules-release.cmake" />
    <None Include="Images\owl.ppm" />
    <None Include="Images\owl2.pgm" />
    <None Include="Images\owl2.ppm" />
    <None Include="Images\small1.ppm" />
    <None Include="Images\small2.ppm" />
    <None Include="bin\x64\Release\small1.ppm" />
    <None Include="bin\x64\Release\SeamCarving.exe" />
    <None Include="bin\x64\Release\SeamCarving.pdb" />
  </ItemGroup>
  <ItemGroup>
    <ClInclude Include="src\SeamCarving.h">
      <Filter>Header Files</Filter>
    </ClInclude>
    <ClInclude Include="src\RGB.h">
      <Filter>Header Files</Filter>
    </ClInclude>
  </ItemGroup>
  <ItemGroup>
    <Image Include="Images\red.jpg">
      <Filter>Resource Files</Filter>
    </Image>
    <Image Include="Images\4k.jpg">
      <Filter>Resource Files</Filter>
    </Image>
    <Image Include="Images\out.jpg">
      <Filter>Resource Files</Filter>
    </Image>
    <Image Include="bin\x64\Release\4k.jpg">
      <Filter>Resource Files</Filter>
    </Image>
    <Image Include="bin\x64\Release\red.jpg">
      <Filter>Resource Files</Filter>
    </Image>
    <Image Include="bin\x64\Release\result.jpg">
      <Filter>Resource Files</Filter>
    </Image>
  </ItemGroup>
</Project>